
Microsoft Visual Studio Solution File, Format Version 12.00
# Visual Studio 14
VisualStudioVersion = 14.0.25123.0
MinimumVisualStudioVersion = 10.0.40219.1
Project("{FAE04EC0-301F-11D3-BF4B-00C04F79EFBC}") = "NuGetVersion", "NuGetVersion\NuGetVersion.csproj", "{32F48FE6-B4FE-48C0-B68D-DC10DACEC02F}"
EndProject
Project("{FAE04EC0-301F-11D3-BF4B-00C04F79EFBC}") = "NuGetLib", "NuGetLib\NuGetLib.csproj", "{2347B687-4951-4B4B-B7E1-0EE8D0AA1EDA}"
EndProject
Global
	GlobalSection(SolutionConfigurationPlatforms) = preSolution
		Debug|Any CPU = Debug|Any CPU
		Release|Any CPU = Release|Any CPU
	EndGlobalSection
	GlobalSection(ProjectConfigurationPlatforms) = postSolution
		{32F48FE6-B4FE-48C0-B68D-DC10DACEC02F}.Debug|Any CPU.ActiveCfg = Debug|Any CPU
		{32F48FE6-B4FE-48C0-B68D-DC10DACEC02F}.Debug|Any CPU.Build.0 = Debug|Any CPU
		{32F48FE6-B4FE-48C0-B68D-DC10DACEC02F}.Release|Any CPU.ActiveCfg = Release|Any CPU
		{32F48FE6-B4FE-48C0-B68D-DC10DACEC02F}.Release|Any CPU.Build.0 = Release|Any CPU
		{2347B687-4951-4B4B-B7E1-0EE8D0AA1EDA}.Debug|Any CPU.ActiveCfg = Debug|Any CPU
		{2347B687-4951-4B4B-B7E1-0EE8D0AA1EDA}.Debug|Any CPU.Build.0 = Debug|Any CPU
		{2347B687-4951-4B4B-B7E1-0EE8D0AA1EDA}.Release|Any CPU.ActiveCfg = Release|Any CPU
		{2347B687-4951-4B4B-B7E1-0EE8D0AA1EDA}.Release|Any CPU.Build.0 = Release|Any CPU
	EndGlobalSection
	GlobalSection(SolutionProperties) = preSolution
		HideSolutionNode = FALSE
	EndGlobalSection
EndGlobal
